
Microsoft Visual Studio Solution File, Format Version 12.00
# Visual Studio Version 16
VisualStudioVersion = 16.0.30611.23
MinimumVisualStudioVersion = 10.0.40219.1
Project("{9A19103F-16F7-4668-BE54-9A1E7A4F7556}") = "ClassIntro", "KampIntro\ClassIntro.csproj", "{FCDE9436-B4DD-41C5-9799-8D5566260594}"
EndProject
Project("{FAE04EC0-301F-11D3-BF4B-00C04F79EFBC}") = "Metotlar", "Metotlar\Metotlar.csproj", "{7A446FB3-791D-47C2-AFE9-AE6F7C4F81CF}"
EndProject
Project("{FAE04EC0-301F-11D3-BF4B-00C04F79EFBC}") = "Matematik", "Matematik\Matematik.csproj", "{A4015427-5042-444C-95EE-A5689EBF594C}"
EndProject
Project("{FAE04EC0-301F-11D3-BF4B-00C04F79EFBC}") = "DegerveReferansTipler", "DegerveReferansTipler\DegerveReferansTipler.csproj", "{420E22D9-EA08-49AB-AE98-0E3B79E93B86}"
EndProject
Global
	GlobalSection(SolutionConfigurationPlatforms) = preSolution
		Debug|Any CPU = Debug|Any CPU
		Release|Any CPU = Release|Any CPU
	EndGlobalSection
	GlobalSection(ProjectConfigurationPlatforms) = postSolution
		{FCDE9436-B4DD-41C5-9799-8D5566260594}.Debug|Any CPU.ActiveCfg = Debug|Any CPU
		{FCDE9436-B4DD-41C5-9799-8D5566260594}.Debug|Any CPU.Build.0 = Debug|Any CPU
		{FCDE9436-B4DD-41C5-9799-8D5566260594}.Release|Any CPU.ActiveCfg = Release|Any CPU
		{FCDE9436-B4DD-41C5-9799-8D5566260594}.Release|Any CPU.Build.0 = Release|Any CPU
		{7A446FB3-791D-47C2-AFE9-AE6F7C4F81CF}.Debug|Any CPU.ActiveCfg = Debug|Any CPU
		{7A446FB3-791D-47C2-AFE9-AE6F7C4F81CF}.Debug|Any CPU.Build.0 = Debug|Any CPU
		{7A446FB3-791D-47C2-AFE9-AE6F7C4F81CF}.Release|Any CPU.ActiveCfg = Release|Any CPU
		{7A446FB3-791D-47C2-AFE9-AE6F7C4F81CF}.Release|Any CPU.Build.0 = Release|Any CPU
		{A4015427-5042-444C-95EE-A5689EBF594C}.Debug|Any CPU.ActiveCfg = Debug|Any CPU
		{A4015427-5042-444C-95EE-A5689EBF594C}.Debug|Any CPU.Build.0 = Debug|Any CPU
		{A4015427-5042-444C-95EE-A5689EBF594C}.Release|Any CPU.ActiveCfg = Release|Any CPU
		{A4015427-5042-444C-95EE-A5689EBF594C}.Release|Any CPU.Build.0 = Release|Any CPU
		{420E22D9-EA08-49AB-AE98-0E3B79E93B86}.Debug|Any CPU.ActiveCfg = Debug|Any CPU
		{420E22D9-EA08-49AB-AE98-0E3B79E93B86}.Debug|Any CPU.Build.0 = Debug|Any CPU
		{420E22D9-EA08-49AB-AE98-0E3B79E93B86}.Release|Any CPU.ActiveCfg = Release|Any CPU
		{420E22D9-EA08-49AB-AE98-0E3B79E93B86}.Release|Any CPU.Build.0 = Release|Any CPU
	EndGlobalSection
	GlobalSection(SolutionProperties) = preSolution
		HideSolutionNode = FALSE
	EndGlobalSection
	GlobalSection(ExtensibilityGlobals) = postSolution
		SolutionGuid = {90E7829C-F204-45ED-BC31-B84D67C6C751}
	EndGlobalSection
EndGlobal
